{
  "requires": true,
  "lockfileVersion": 1,
  "dependencies": {
    "ping.js": {
      "version": "0.3.0",
      "resolved": "https://registry.npmjs.org/ping.js/-/ping.js-0.3.0.tgz",
      "integrity": "sha512-qisFwio7j0cwYbOcRL4BlTdxKALcpGPTkpl8ichGASgkrVqfI3sZfQDsP8wETR5rfutXZJLjlJ117aLkRnk2mA=="
    },
    "v-offline": {
      "version": "2.2.4",
      "resolved": "https://registry.npmjs.org/v-offline/-/v-offline-2.2.4.tgz",
      "integrity": "sha512-zi+opdgabjRn+ROygOGBCVGh4ZaulpqiYV37LH4+M546WwHspwlYxA/mak9BmysSYGazPx6rDLX7lxkZOGkXtA==",
      "requires": {
        "ping.js": "^0.3.0"
      }
    }
  }
}
